
Microsoft Visual Studio Solution File, Format Version 12.00
# Visual Studio Version 16
VisualStudioVersion = 16.0.31105.61
MinimumVisualStudioVersion = 10.0.40219.1
Project("{FAE04EC0-301F-11D3-BF4B-00C04F79EFBC}") = "CRUDXmlDbProject", "CRUDXmlDbProject\CRUDXmlDbProject.csproj", "{A6900ED9-C1BC-4303-8CCC-A7E9C39B356C}"
EndProject
Global
	GlobalSection(SolutionConfigurationPlatforms) = preSolution
		Debug|Any CPU = Debug|Any CPU
		Release|Any CPU = Release|Any CPU
	EndGlobalSection
	GlobalSection(ProjectConfigurationPlatforms) = postSolution
		{A6900ED9-C1BC-4303-8CCC-A7E9C39B356C}.Debug|Any CPU.ActiveCfg = Debug|Any CPU
		{A6900ED9-C1BC-4303-8CCC-A7E9C39B356C}.Debug|Any CPU.Build.0 = Debug|Any CPU
		{A6900ED9-C1BC-4303-8CCC-A7E9C39B356C}.Release|Any CPU.ActiveCfg = Release|Any CPU
		{A6900ED9-C1BC-4303-8CCC-A7E9C39B356C}.Release|Any CPU.Build.0 = Release|Any CPU
	EndGlobalSection
	GlobalSection(SolutionProperties) = preSolution
		HideSolutionNode = FALSE
	EndGlobalSection
	GlobalSection(ExtensibilityGlobals) = postSolution
		SolutionGuid = {6B353BAB-6167-4C6D-9246-D4A2A287CB08}
	EndGlobalSection
EndGlobal
